
Microsoft Visual Studio Solution File, Format Version 12.00
# Visual Studio 15
VisualStudioVersion = 15.0.27130.2027
MinimumVisualStudioVersion = 10.0.40219.1
Project("{FAE04EC0-301F-11D3-BF4B-00C04F79EFBC}") = "HT_10_lesson", "HT_10_lesson\HT_10_lesson.csproj", "{80FC386C-274C-4FFC-BD6E-42870A527559}"
EndProject
Global
	GlobalSection(SolutionConfigurationPlatforms) = preSolution
		Debug|Any CPU = Debug|Any CPU
		Release|Any CPU = Release|Any CPU
	EndGlobalSection
	GlobalSection(ProjectConfigurationPlatforms) = postSolution
		{80FC386C-274C-4FFC-BD6E-42870A527559}.Debug|Any CPU.ActiveCfg = Debug|Any CPU
		{80FC386C-274C-4FFC-BD6E-42870A527559}.Debug|Any CPU.Build.0 = Debug|Any CPU
		{80FC386C-274C-4FFC-BD6E-42870A527559}.Release|Any CPU.ActiveCfg = Release|Any CPU
		{80FC386C-274C-4FFC-BD6E-42870A527559}.Release|Any CPU.Build.0 = Release|Any CPU
	EndGlobalSection
	GlobalSection(SolutionProperties) = preSolution
		HideSolutionNode = FALSE
	EndGlobalSection
	GlobalSection(ExtensibilityGlobals) = postSolution
		SolutionGuid = {B96D4618-2E7D-4DE1-B037-0E4FC92632DC}
	EndGlobalSection
EndGlobal
