
Microsoft Visual Studio Solution File, Format Version 12.00
# Visual Studio 15
VisualStudioVersion = 15.0.27130.2027
MinimumVisualStudioVersion = 10.0.40219.1
Project("{FAE04EC0-301F-11D3-BF4B-00C04F79EFBC}") = "lesson_11", "lesson_11\lesson_11.csproj", "{DBAB4151-F849-4A5B-9864-04132B87265F}"
EndProject
Global
	GlobalSection(SolutionConfigurationPlatforms) = preSolution
		Debug|Any CPU = Debug|Any CPU
		Release|Any CPU = Release|Any CPU
	EndGlobalSection
	GlobalSection(ProjectConfigurationPlatforms) = postSolution
		{DBAB4151-F849-4A5B-9864-04132B87265F}.Debug|Any CPU.ActiveCfg = Debug|Any CPU
		{DBAB4151-F849-4A5B-9864-04132B87265F}.Debug|Any CPU.Build.0 = Debug|Any CPU
		{DBAB4151-F849-4A5B-9864-04132B87265F}.Release|Any CPU.ActiveCfg = Release|Any CPU
		{DBAB4151-F849-4A5B-9864-04132B87265F}.Release|Any CPU.Build.0 = Release|Any CPU
	EndGlobalSection
	GlobalSection(SolutionProperties) = preSolution
		HideSolutionNode = FALSE
	EndGlobalSection
	GlobalSection(ExtensibilityGlobals) = postSolution
		SolutionGuid = {1A4534F2-98E3-4DBF-9E49-6A62D9647E26}
	EndGlobalSection
EndGlobal
